{
    "name": "loc",
    "lockfileVersion": 2,
    "requires": true,
    "packages": {
        "": {
            "name": "loc",
            "dependencies": {
                "fast-xml-parser": "^4.3.6",
                "flat": "^6.0.1",
                "xliff": "^6.2.1"
            }
        },
        "node_modules/fast-xml-parser": {
            "version": "4.3.6",
            "resolved": "https://registry.npmjs.org/fast-xml-parser/-/fast-xml-parser-4.3.6.tgz",
            "integrity": "sha512-M2SovcRxD4+vC493Uc2GZVcZaj66CCJhWurC4viynVSTvrpErCShNcDz1lAho6n9REQKvL/ll4A4/fw6Y9z8nw==",
            "funding": [
                {
                    "type": "github",
                    "url": "https://github.com/sponsors/NaturalIntelligence"
                },
                {
                    "type": "paypal",
                    "url": "https://paypal.me/naturalintelligence"
                }
            ],
            "dependencies": {
                "strnum": "^1.0.5"
            },
            "bin": {
                "fxparser": "src/cli/cli.js"
            }
        },
        "node_modules/flat": {
            "version": "6.0.1",
            "resolved": "https://registry.npmjs.org/flat/-/flat-6.0.1.tgz",
            "integrity": "sha512-/3FfIa8mbrg3xE7+wAhWeV+bd7L2Mof+xtZb5dRDKZ+wDvYJK4WDYeIOuOhre5Yv5aQObZrlbRmk3RTSiuQBtw==",
            "bin": {
                "flat": "cli.js"
            },
            "engines": {
                "node": ">=18"
            }
        },
        "node_modules/sax": {
            "version": "1.3.0",
            "resolved": "https://registry.npmjs.org/sax/-/sax-1.3.0.tgz",
            "integrity": "sha512-0s+oAmw9zLl1V1cS9BtZN7JAd0cW5e0QH4W3LWEK6a4LaLEA2OTpGYWDY+6XasBLtz6wkm3u1xRw95mRuJ59WA=="
        },
        "node_modules/strnum": {
            "version": "1.0.5",
            "resolved": "https://registry.npmjs.org/strnum/-/strnum-1.0.5.tgz",
            "integrity": "sha512-J8bbNyKKXl5qYcR36TIO8W3mVGVHrmmxsd5PAItGkmyzwJvybiw2IVq5nqd0i4LSNSkB/sx9VHllbfFdr9k1JA=="
        },
        "node_modules/xliff": {
            "version": "6.2.1",
            "resolved": "https://registry.npmjs.org/xliff/-/xliff-6.2.1.tgz",
            "integrity": "sha512-uLdfmBHCG4ftZdgLHhzP7qFTt8/pOv4Hpr1lWcX0HKLZdvhu5f7zThLlPFHnXH7mHbFT+6LCaf82UB3zbLpweQ==",
            "dependencies": {
                "xml-js": "1.6.11"
            }
        },
        "node_modules/xml-js": {
            "version": "1.6.11",
            "resolved": "https://registry.npmjs.org/xml-js/-/xml-js-1.6.11.tgz",
            "integrity": "sha512-7rVi2KMfwfWFl+GpPg6m80IVMWXLRjO+PxTq7V2CDhoGak0wzYzFgUY2m4XJ47OGdXd8eLE8EmwfAmdjw7lC1g==",
            "dependencies": {
                "sax": "^1.2.4"
            },
            "bin": {
                "xml-js": "bin/cli.js"
            }
        }
    },
    "dependencies": {
        "fast-xml-parser": {
            "version": "4.3.6",
            "resolved": "https://registry.npmjs.org/fast-xml-parser/-/fast-xml-parser-4.3.6.tgz",
            "integrity": "sha512-M2SovcRxD4+vC493Uc2GZVcZaj66CCJhWurC4viynVSTvrpErCShNcDz1lAho6n9REQKvL/ll4A4/fw6Y9z8nw==",
            "requires": {
                "strnum": "^1.0.5"
            }
        },
        "flat": {
            "version": "6.0.1",
            "resolved": "https://registry.npmjs.org/flat/-/flat-6.0.1.tgz",
            "integrity": "sha512-/3FfIa8mbrg3xE7+wAhWeV+bd7L2Mof+xtZb5dRDKZ+wDvYJK4WDYeIOuOhre5Yv5aQObZrlbRmk3RTSiuQBtw=="
        },
        "sax": {
            "version": "1.3.0",
            "resolved": "https://registry.npmjs.org/sax/-/sax-1.3.0.tgz",
            "integrity": "sha512-0s+oAmw9zLl1V1cS9BtZN7JAd0cW5e0QH4W3LWEK6a4LaLEA2OTpGYWDY+6XasBLtz6wkm3u1xRw95mRuJ59WA=="
        },
        "strnum": {
            "version": "1.0.5",
            "resolved": "https://registry.npmjs.org/strnum/-/strnum-1.0.5.tgz",
            "integrity": "sha512-J8bbNyKKXl5qYcR36TIO8W3mVGVHrmmxsd5PAItGkmyzwJvybiw2IVq5nqd0i4LSNSkB/sx9VHllbfFdr9k1JA=="
        },
        "xliff": {
            "version": "6.2.1",
            "resolved": "https://registry.npmjs.org/xliff/-/xliff-6.2.1.tgz",
            "integrity": "sha512-uLdfmBHCG4ftZdgLHhzP7qFTt8/pOv4Hpr1lWcX0HKLZdvhu5f7zThLlPFHnXH7mHbFT+6LCaf82UB3zbLpweQ==",
            "requires": {
                "xml-js": "1.6.11"
            }
        },
        "xml-js": {
            "version": "1.6.11",
            "resolved": "https://registry.npmjs.org/xml-js/-/xml-js-1.6.11.tgz",
            "integrity": "sha512-7rVi2KMfwfWFl+GpPg6m80IVMWXLRjO+PxTq7V2CDhoGak0wzYzFgUY2m4XJ47OGdXd8eLE8EmwfAmdjw7lC1g==",
            "requires": {
                "sax": "^1.2.4"
            }
        }
    }
}
